{
  "name": "pdf2json",
  "version": "3.0.1",
  "lockfileVersion": 2,
  "requires": true,
  "packages": {
    "": {
      "name": "pdf2json",
      "version": "3.0.1",
      "bundleDependencies": [
        "@xmldom/xmldom"
      ],
      "license": "Apache-2.0",
      "dependencies": {
        "@xmldom/xmldom": "^0.8.6"
      },
      "bin": {
        "pdf2json": "bin/pdf2json"
      },
      "devDependencies": {
        "@types/node": "^18.7.18"
      },
      "engines": {
        "node": ">=18.12.1",
        "npm": ">=8.19.2"
      }
    },
    "node_modules/@types/node": {
      "version": "18.7.18",
      "resolved": "https://registry.npmjs.org/@types/node/-/node-18.7.18.tgz",
      "integrity": "sha512-m+6nTEOadJZuTPkKR/SYK3A2d7FZrgElol9UP1Kae90VVU4a6mxnPuLiIW1m4Cq4gZ/nWb9GrdVXJCoCazDAbg==",
      "dev": true
    },
    "node_modules/@xmldom/xmldom": {
      "version": "0.8.6",
      "resolved": "https://registry.npmjs.org/@xmldom/xmldom/-/xmldom-0.8.6.tgz",
      "integrity": "sha512-uRjjusqpoqfmRkTaNuLJ2VohVr67Q5YwDATW3VU7PfzTj6IRaihGrYI7zckGZjxQPBIp63nfvJbM+Yu5ICh0Bg==",
      "inBundle": true,
      "engines": {
        "node": ">=10.0.0"
      }
    }
  },
  "dependencies": {
    "@types/node": {
      "version": "18.7.18",
      "resolved": "https://registry.npmjs.org/@types/node/-/node-18.7.18.tgz",
      "integrity": "sha512-m+6nTEOadJZuTPkKR/SYK3A2d7FZrgElol9UP1Kae90VVU4a6mxnPuLiIW1m4Cq4gZ/nWb9GrdVXJCoCazDAbg==",
      "dev": true
    },
    "@xmldom/xmldom": {
      "version": "0.8.6",
      "resolved": "https://registry.npmjs.org/@xmldom/xmldom/-/xmldom-0.8.6.tgz",
      "integrity": "sha512-uRjjusqpoqfmRkTaNuLJ2VohVr67Q5YwDATW3VU7PfzTj6IRaihGrYI7zckGZjxQPBIp63nfvJbM+Yu5ICh0Bg=="
    }
  }
}
